
Microsoft Visual Studio Solution File, Format Version 12.00
Project("{8BC9CEB8-8B4A-11D0-8D11-00A0C91BC942}") = "SDL_Engine", "SDL_Engine\SDL_Engine.vcxproj", "{0F965EC5-EDB2-4C82-9500-97BDBF4943D6}"
EndProject
Global
	GlobalSection(SolutionConfigurationPlatforms) = preSolution
		Debug|Any CPU = Debug|Any CPU
		Release|Any CPU = Release|Any CPU
	EndGlobalSection
	GlobalSection(ProjectConfigurationPlatforms) = postSolution
		{0F965EC5-EDB2-4C82-9500-97BDBF4943D6}.Release|Any CPU.ActiveCfg = Release|Win32
		{0F965EC5-EDB2-4C82-9500-97BDBF4943D6}.Release|Any CPU.Build.0 = Release|Win32
		{0F965EC5-EDB2-4C82-9500-97BDBF4943D6}.Debug|Any CPU.ActiveCfg = Debug|x64
		{0F965EC5-EDB2-4C82-9500-97BDBF4943D6}.Debug|Any CPU.Build.0 = Debug|x64
	EndGlobalSection
EndGlobal
